// !$*UTF8*$!
{
	archiveVersion = 1;
	classes = {
	};
	objectVersion = 46;
	objects = {

/* Begin PBXBuildFile section */
		C526D20686859119EC0CA3B7 /* libPods-QQMusic.a in Frameworks */ = {isa = PBXBuildFile; fileRef = 0F95CC73E99DCFB8D735E798 /* libPods-QQMusic.a */; };
		FA173F1D1D863DE900790EEF /* bb@2x.jpg in Resources */ = {isa = PBXBuildFile; fileRef = FA173EF21D863DE900790EEF /* bb@2x.jpg */; };
		FA173F1E1D863DE900790EEF /* bb_icon@2x.jpg in Resources */ = {isa = PBXBuildFile; fileRef = FA173EF31D863DE900790EEF /* bb_icon@2x.jpg */; };
		FA173F1F1D863DE900790EEF /* dzq@2x.jpg in Resources */ = {isa = PBXBuildFile; fileRef = FA173EF41D863DE900790EEF /* dzq@2x.jpg */; };
		FA173F201D863DE900790EEF /* dzq_icon@2x.jpg in Resources */ = {isa = PBXBuildFile; fileRef = FA173EF51D863DE900790EEF /* dzq_icon@2x.jpg */; };
		FA173F211D863DE900790EEF /* eason@2x.jpg in Resources */ = {isa = PBXBuildFile; fileRef = FA173EF61D863DE900790EEF /* eason@2x.jpg */; };
		FA173F221D863DE900790EEF /* eason_icon@2x.jpg in Resources */ = {isa = PBXBuildFile; fileRef = FA173EF71D863DE900790EEF /* eason_icon@2x.jpg */; };
		FA173F231D863DE900790EEF /* jay@2x.jpg in Resources */ = {isa = PBXBuildFile; fileRef = FA173EF81D863DE900790EEF /* jay@2x.jpg */; };
		FA173F241D863DE900790EEF /* jay_icon@2x.png in Resources */ = {isa = PBXBuildFile; fileRef = FA173EF91D863DE900790EEF /* jay_icon@2x.png */; };
		FA173F251D863DE900790EEF /* jj@2x.jpg in Resources */ = {isa = PBXBuildFile; fileRef = FA173EFA1D863DE900790EEF /* jj@2x.jpg */; };
		FA173F261D863DE900790EEF /* jj_icon@2x.png in Resources */ = {isa = PBXBuildFile; fileRef = FA173EFB1D863DE900790EEF /* jj_icon@2x.png */; };
		FA173F271D863DE900790EEF /* kzxd@2x.jpg in Resources */ = {isa = PBXBuildFile; fileRef = FA173EFC1D863DE900790EEF /* kzxd@2x.jpg */; };
		FA173F281D863DE900790EEF /* kzxd_icon@2x.jpg in Resources */ = {isa = PBXBuildFile; fileRef = FA173EFD1D863DE900790EEF /* kzxd_icon@2x.jpg */; };
		FA173F291D863DE900790EEF /* lkq@2x.jpg in Resources */ = {isa = PBXBuildFile; fileRef = FA173EFE1D863DE900790EEF /* lkq@2x.jpg */; };
		FA173F2A1D863DE900790EEF /* lkq_icon@2x.jpg in Resources */ = {isa = PBXBuildFile; fileRef = FA173EFF1D863DE900790EEF /* lkq_icon@2x.jpg */; };
		FA173F2B1D863DE900790EEF /* nanquan@2x.jpg in Resources */ = {isa = PBXBuildFile; fileRef = FA173F001D863DE900790EEF /* nanquan@2x.jpg */; };
		FA173F2C1D863DE900790EEF /* nanquan_icon@2x.jpg in Resources */ = {isa = PBXBuildFile; fileRef = FA173F011D863DE900790EEF /* nanquan_icon@2x.jpg */; };
		FA173F2D1D863DE900790EEF /* wf@2x.jpg in Resources */ = {isa = PBXBuildFile; fileRef = FA173F021D863DE900790EEF /* wf@2x.jpg */; };
		FA173F2E1D863DE900790EEF /* wf_icon@2x.jpg in Resources */ = {isa = PBXBuildFile; fileRef = FA173F031D863DE900790EEF /* wf_icon@2x.jpg */; };
		FA173F2F1D863DE900790EEF /* zxy@2x.jpg in Resources */ = {isa = PBXBuildFile; fileRef = FA173F041D863DE900790EEF /* zxy@2x.jpg */; };
		FA173F301D863DE900790EEF /* zxy_icon@2x.jpg in Resources */ = {isa = PBXBuildFile; fileRef = FA173F051D863DE900790EEF /* zxy_icon@2x.jpg */; };
		FA173F311D863DE900790EEF /* 10405520.lrc in Resources */ = {isa = PBXBuildFile; fileRef = FA173F071D863DE900790EEF /* 10405520.lrc */; };
		FA173F321D863DE900790EEF /* 10736444.lrc in Resources */ = {isa = PBXBuildFile; fileRef = FA173F081D863DE900790EEF /* 10736444.lrc */; };
		FA173F331D863DE900790EEF /* 120125029.lrc in Resources */ = {isa = PBXBuildFile; fileRef = FA173F091D863DE900790EEF /* 120125029.lrc */; };
		FA173F341D863DE900790EEF /* 12309111.lrc in Resources */ = {isa = PBXBuildFile; fileRef = FA173F0A1D863DE900790EEF /* 12309111.lrc */; };
		FA173F351D863DE900790EEF /* 14945107.lrc in Resources */ = {isa = PBXBuildFile; fileRef = FA173F0B1D863DE900790EEF /* 14945107.lrc */; };
		FA173F361D863DE900790EEF /* 235319.lrc in Resources */ = {isa = PBXBuildFile; fileRef = FA173F0C1D863DE900790EEF /* 235319.lrc */; };
		FA173F371D863DE900790EEF /* 255319.lrc in Resources */ = {isa = PBXBuildFile; fileRef = FA173F0D1D863DE900790EEF /* 255319.lrc */; };
		FA173F381D863DE900790EEF /* 309769.lrc in Resources */ = {isa = PBXBuildFile; fileRef = FA173F0E1D863DE900790EEF /* 309769.lrc */; };
		FA173F391D863DE900790EEF /* 339744.lrc in Resources */ = {isa = PBXBuildFile; fileRef = FA173F0F1D863DE900790EEF /* 339744.lrc */; };
		FA173F3A1D863DE900790EEF /* 月半小夜曲.lrc in Resources */ = {isa = PBXBuildFile; fileRef = FA173F101D863DE900790EEF /* 月半小夜曲.lrc */; };
		FA173F3B1D863DE900790EEF /* 10405520.mp3 in Resources */ = {isa = PBXBuildFile; fileRef = FA173F121D863DE900790EEF /* 10405520.mp3 */; };
		FA173F3C1D863DE900790EEF /* 10736444.mp3 in Resources */ = {isa = PBXBuildFile; fileRef = FA173F131D863DE900790EEF /* 10736444.mp3 */; };
		FA173F3D1D863DE900790EEF /* 1201111234.mp3 in Resources */ = {isa = PBXBuildFile; fileRef = FA173F141D863DE900790EEF /* 1201111234.mp3 */; };
		FA173F3E1D863DE900790EEF /* 120125029.mp3 in Resources */ = {isa = PBXBuildFile; fileRef = FA173F151D863DE900790EEF /* 120125029.mp3 */; };
		FA173F3F1D863DE900790EEF /* 12309111.mp3 in Resources */ = {isa = PBXBuildFile; fileRef = FA173F161D863DE900790EEF /* 12309111.mp3 */; };
		FA173F401D863DE900790EEF /* 14945107.mp3 in Resources */ = {isa = PBXBuildFile; fileRef = FA173F171D863DE900790EEF /* 14945107.mp3 */; };
		FA173F411D863DE900790EEF /* 235319.mp3 in Resources */ = {isa = PBXBuildFile; fileRef = FA173F181D863DE900790EEF /* 235319.mp3 */; };
		FA173F421D863DE900790EEF /* 255319.mp3 in Resources */ = {isa = PBXBuildFile; fileRef = FA173F191D863DE900790EEF /* 255319.mp3 */; };
		FA173F431D863DE900790EEF /* 309769.mp3 in Resources */ = {isa = PBXBuildFile; fileRef = FA173F1A1D863DE900790EEF /* 309769.mp3 */; };
		FA173F441D863DE900790EEF /* 339744.mp3 in Resources */ = {isa = PBXBuildFile; fileRef = FA173F1B1D863DE900790EEF /* 339744.mp3 */; };
		FA173F451D863DE900790EEF /* Musics.plist in Resources */ = {isa = PBXBuildFile; fileRef = FA173F1C1D863DE900790EEF /* Musics.plist */; };
		FA73E3EB1D80130700698BBA /* Main.storyboard in Resources */ = {isa = PBXBuildFile; fileRef = FA73E3E91D80130700698BBA /* Main.storyboard */; };
		FA73E3ED1D80130700698BBA /* Assets.xcassets in Resources */ = {isa = PBXBuildFile; fileRef = FA73E3EC1D80130700698BBA /* Assets.xcassets */; };
		FA73E3F01D80130700698BBA /* LaunchScreen.storyboard in Resources */ = {isa = PBXBuildFile; fileRef = FA73E3EE1D80130700698BBA /* LaunchScreen.storyboard */; };
		FA73E3FB1D80130700698BBA /* QQMusicTests.m in Sources */ = {isa = PBXBuildFile; fileRef = FA73E3FA1D80130700698BBA /* QQMusicTests.m */; };
		FA73E4061D80130700698BBA /* QQMusicUITests.m in Sources */ = {isa = PBXBuildFile; fileRef = FA73E4051D80130700698BBA /* QQMusicUITests.m */; };
		FAB47E631D803D03003B7ED1 /* AppDelegate.m in Sources */ = {isa = PBXBuildFile; fileRef = FAB47E5E1D803D03003B7ED1 /* AppDelegate.m */; };
		FAB47E651D803D03003B7ED1 /* main.m in Sources */ = {isa = PBXBuildFile; fileRef = FAB47E601D803D03003B7ED1 /* main.m */; };
		FAB47E681D803D73003B7ED1 /* XWPlayingViewController.m in Sources */ = {isa = PBXBuildFile; fileRef = FAB47E671D803D73003B7ED1 /* XWPlayingViewController.m */; };
		FAB47E6A1D803FFF003B7ED1 /* Info.plist in Resources */ = {isa = PBXBuildFile; fileRef = FAB47E691D803FFF003B7ED1 /* Info.plist */; };
		FAB47E6E1D810651003B7ED1 /* XWMusic.m in Sources */ = {isa = PBXBuildFile; fileRef = FAB47E6D1D810651003B7ED1 /* XWMusic.m */; };
		FAB47E711D810666003B7ED1 /* XWMusicTool.m in Sources */ = {isa = PBXBuildFile; fileRef = FAB47E701D810666003B7ED1 /* XWMusicTool.m */; };
		FAB47E741D810FA1003B7ED1 /* XMGAudioTool.m in Sources */ = {isa = PBXBuildFile; fileRef = FAB47E731D810FA1003B7ED1 /* XMGAudioTool.m */; };
		FAB47E7C1D82651A003B7ED1 /* XWLrcView.m in Sources */ = {isa = PBXBuildFile; fileRef = FAB47E7B1D82651A003B7ED1 /* XWLrcView.m */; };
		FAB47E7F1D829272003B7ED1 /* XWLrcCell.m in Sources */ = {isa = PBXBuildFile; fileRef = FAB47E7E1D829272003B7ED1 /* XWLrcCell.m */; };
		FAB47E821D82A01C003B7ED1 /* XWLrcTool.m in Sources */ = {isa = PBXBuildFile; fileRef = FAB47E811D82A01C003B7ED1 /* XWLrcTool.m */; };
		FAB47E851D82A2DD003B7ED1 /* XWLrcLine.m in Sources */ = {isa = PBXBuildFile; fileRef = FAB47E841D82A2DD003B7ED1 /* XWLrcLine.m */; };
		FAB47E881D82D511003B7ED1 /* XWLrcLabel.m in Sources */ = {isa = PBXBuildFile; fileRef = FAB47E871D82D511003B7ED1 /* XWLrcLabel.m */; };
		FAB95F9B1D82D8BF00212137 /* CALayer+PauseAimate.m in Sources */ = {isa = PBXBuildFile; fileRef = FAB95F9A1D82D8BF00212137 /* CALayer+PauseAimate.m */; };
/* End PBXBuildFile section */

/* Begin PBXContainerItemProxy section */
		FA73E3F71D80130700698BBA /* PBXContainerItemProxy */ = {
			isa = PBXContainerItemProxy;
			containerPortal = FA73E3D51D80130600698BBA /* Project object */;
			proxyType = 1;
			remoteGlobalIDString = FA73E3DC1D80130600698BBA;
			remoteInfo = QQMusic;
		};
		FA73E4021D80130700698BBA /* PBXContainerItemProxy */ = {
			isa = PBXContainerItemProxy;
			containerPortal = FA73E3D51D80130600698BBA /* Project object */;
			proxyType = 1;
			remoteGlobalIDString = FA73E3DC1D80130600698BBA;
			remoteInfo = QQMusic;
		};
/* End PBXContainerItemProxy section */

/* Begin PBXFileReference section */
		0F95CC73E99DCFB8D735E798 /* libPods-QQMusic.a */ = {isa = PBXFileReference; explicitFileType = archive.ar; includeInIndex = 0; path = "libPods-QQMusic.a"; sourceTree = BUILT_PRODUCTS_DIR; };
		9C3719A7177CB30D9D886F2F /* Pods-QQMusic.release.xcconfig */ = {isa = PBXFileReference; includeInIndex = 1; lastKnownFileType = text.xcconfig; name = "Pods-QQMusic.release.xcconfig"; path = "Pods/Target Support Files/Pods-QQMusic/Pods-QQMusic.release.xcconfig"; sourceTree = "<group>"; };
		F7E4A93EA5D052B369A58E64 /* Pods-QQMusic.debug.xcconfig */ = {isa = PBXFileReference; includeInIndex = 1; lastKnownFileType = text.xcconfig; name = "Pods-QQMusic.debug.xcconfig"; path = "Pods/Target Support Files/Pods-QQMusic/Pods-QQMusic.debug.xcconfig"; sourceTree = "<group>"; };
		FA173EF21D863DE900790EEF /* bb@2x.jpg */ = {isa = PBXFileReference; lastKnownFileType = image.jpeg; path = "bb@2x.jpg"; sourceTree = "<group>"; };
		FA173EF31D863DE900790EEF /* bb_icon@2x.jpg */ = {isa = PBXFileReference; lastKnownFileType = image.jpeg; path = "bb_icon@2x.jpg"; sourceTree = "<group>"; };
		FA173EF41D863DE900790EEF /* dzq@2x.jpg */ = {isa = PBXFileReference; lastKnownFileType = image.jpeg; path = "dzq@2x.jpg"; sourceTree = "<group>"; };
		FA173EF51D863DE900790EEF /* dzq_icon@2x.jpg */ = {isa = PBXFileReference; lastKnownFileType = image.jpeg; path = "dzq_icon@2x.jpg"; sourceTree = "<group>"; };
		FA173EF61D863DE900790EEF /* eason@2x.jpg */ = {isa = PBXFileReference; lastKnownFileType = image.jpeg; path = "eason@2x.jpg"; sourceTree = "<group>"; };
		FA173EF71D863DE900790EEF /* eason_icon@2x.jpg */ = {isa = PBXFileReference; lastKnownFileType = image.jpeg; path = "eason_icon@2x.jpg"; sourceTree = "<group>"; };
		FA173EF81D863DE900790EEF /* jay@2x.jpg */ = {isa = PBXFileReference; lastKnownFileType = image.jpeg; path = "jay@2x.jpg"; sourceTree = "<group>"; };
		FA173EF91D863DE900790EEF /* jay_icon@2x.png */ = {isa = PBXFileReference; lastKnownFileType = image.png; path = "jay_icon@2x.png"; sourceTree = "<group>"; };
		FA173EFA1D863DE900790EEF /* jj@2x.jpg */ = {isa = PBXFileReference; lastKnownFileType = image.jpeg; path = "jj@2x.jpg"; sourceTree = "<group>"; };
		FA173EFB1D863DE900790EEF /* jj_icon@2x.png */ = {isa = PBXFileReference; lastKnownFileType = image.png; path = "jj_icon@2x.png"; sourceTree = "<group>"; };
		FA173EFC1D863DE900790EEF /* kzxd@2x.jpg */ = {isa = PBXFileReference; lastKnownFileType = image.jpeg; path = "kzxd@2x.jpg"; sourceTree = "<group>"; };
		FA173EFD1D863DE900790EEF /* kzxd_icon@2x.jpg */ = {isa = PBXFileReference; lastKnownFileType = image.jpeg; path = "kzxd_icon@2x.jpg"; sourceTree = "<group>"; };
		FA173EFE1D863DE900790EEF /* lkq@2x.jpg */ = {isa = PBXFileReference; lastKnownFileType = image.jpeg; path = "lkq@2x.jpg"; sourceTree = "<group>"; };
		FA173EFF1D863DE900790EEF /* lkq_icon@2x.jpg */ = {isa = PBXFileReference; lastKnownFileType = image.jpeg; path = "lkq_icon@2x.jpg"; sourceTree = "<group>"; };
		FA173F001D863DE900790EEF /* nanquan@2x.jpg */ = {isa = PBXFileReference; lastKnownFileType = image.jpeg; path = "nanquan@2x.jpg"; sourceTree = "<group>"; };
		FA173F011D863DE900790EEF /* nanquan_icon@2x.jpg */ = {isa = PBXFileReference; lastKnownFileType = image.jpeg; path = "nanquan_icon@2x.jpg"; sourceTree = "<group>"; };
		FA173F021D863DE900790EEF /* wf@2x.jpg */ = {isa = PBXFileReference; lastKnownFileType = image.jpeg; path = "wf@2x.jpg"; sourceTree = "<group>"; };
		FA173F031D863DE900790EEF /* wf_icon@2x.jpg */ = {isa = PBXFileReference; lastKnownFileType = image.jpeg; path = "wf_icon@2x.jpg"; sourceTree = "<group>"; };
		FA173F041D863DE900790EEF /* zxy@2x.jpg */ = {isa = PBXFileReference; lastKnownFileType = image.jpeg; path = "zxy@2x.jpg"; sourceTree = "<group>"; };
		FA173F051D863DE900790EEF /* zxy_icon@2x.jpg */ = {isa = PBXFileReference; lastKnownFileType = image.jpeg; path = "zxy_icon@2x.jpg"; sourceTree = "<group>"; };
		FA173F071D863DE900790EEF /* 10405520.lrc */ = {isa = PBXFileReference; fileEncoding = 4; lastKnownFileType = text; path = 10405520.lrc; sourceTree = "<group>"; };
		FA173F081D863DE900790EEF /* 10736444.lrc */ = {isa = PBXFileReference; fileEncoding = 4; lastKnownFileType = text; path = 10736444.lrc; sourceTree = "<group>"; };
		FA173F091D863DE900790EEF /* 120125029.lrc */ = {isa = PBXFileReference; fileEncoding = 4; lastKnownFileType = text; path = 120125029.lrc; sourceTree = "<group>"; };
		FA173F0A1D863DE900790EEF /* 12309111.lrc */ = {isa = PBXFileReference; fileEncoding = 4; lastKnownFileType = text; path = 12309111.lrc; sourceTree = "<group>"; };
		FA173F0B1D863DE900790EEF /* 14945107.lrc */ = {isa = PBXFileReference; fileEncoding = 4; lastKnownFileType = text; path = 14945107.lrc; sourceTree = "<group>"; };
		FA173F0C1D863DE900790EEF /* 235319.lrc */ = {isa = PBXFileReference; fileEncoding = 4; lastKnownFileType = text; path = 235319.lrc; sourceTree = "<group>"; };
		FA173F0D1D863DE900790EEF /* 255319.lrc */ = {isa = PBXFileReference; fileEncoding = 4; lastKnownFileType = text; path = 255319.lrc; sourceTree = "<group>"; };
		FA173F0E1D863DE900790EEF /* 309769.lrc */ = {isa = PBXFileReference; fileEncoding = 4; lastKnownFileType = text; path = 309769.lrc; sourceTree = "<group>"; };
		FA173F0F1D863DE900790EEF /* 339744.lrc */ = {isa = PBXFileReference; fileEncoding = 4; lastKnownFileType = text; path = 339744.lrc; sourceTree = "<group>"; };
		FA173F101D863DE900790EEF /* 月半小夜曲.lrc */ = {isa = PBXFileReference; fileEncoding = 4; lastKnownFileType = text; path = "月半小夜曲.lrc"; sourceTree = "<group>"; };
		FA173F121D863DE900790EEF /* 10405520.mp3 */ = {isa = PBXFileReference; lastKnownFileType = audio.mp3; path = 10405520.mp3; sourceTree = "<group>"; };
		FA173F131D863DE900790EEF /* 10736444.mp3 */ = {isa = PBXFileReference; lastKnownFileType = audio.mp3; path = 10736444.mp3; sourceTree = "<group>"; };
		FA173F141D863DE900790EEF /* 1201111234.mp3 */ = {isa = PBXFileReference; lastKnownFileType = audio.mp3; path = 1201111234.mp3; sourceTree = "<group>"; };
		FA173F151D863DE900790EEF /* 120125029.mp3 */ = {isa = PBXFileReference; lastKnownFileType = audio.mp3; path = 120125029.mp3; sourceTree = "<group>"; };
		FA173F161D863DE900790EEF /* 12309111.mp3 */ = {isa = PBXFileReference; lastKnownFileType = audio.mp3; path = 12309111.mp3; sourceTree = "<group>"; };
		FA173F171D863DE900790EEF /* 14945107.mp3 */ = {isa = PBXFileReference; lastKnownFileType = audio.mp3; path = 14945107.mp3; sourceTree = "<group>"; };
		FA173F181D863DE900790EEF /* 235319.mp3 */ = {isa = PBXFileReference; lastKnownFileType = audio.mp3; path = 235319.mp3; sourceTree = "<group>"; };
		FA173F191D863DE900790EEF /* 255319.mp3 */ = {isa = PBXFileReference; lastKnownFileType = audio.mp3; path = 255319.mp3; sourceTree = "<group>"; };
		FA173F1A1D863DE900790EEF /* 309769.mp3 */ = {isa = PBXFileReference; lastKnownFileType = audio.mp3; path = 309769.mp3; sourceTree = "<group>"; };
		FA173F1B1D863DE900790EEF /* 339744.mp3 */ = {isa = PBXFileReference; lastKnownFileType = audio.mp3; path = 339744.mp3; sourceTree = "<group>"; };
		FA173F1C1D863DE900790EEF /* Musics.plist */ = {isa = PBXFileReference; fileEncoding = 4; lastKnownFileType = text.plist.xml; path = Musics.plist; sourceTree = "<group>"; };
		FA73E3DD1D80130600698BBA /* QQMusic.app */ = {isa = PBXFileReference; explicitFileType = wrapper.application; includeInIndex = 0; path = QQMusic.app; sourceTree = BUILT_PRODUCTS_DIR; };
		FA73E3EA1D80130700698BBA /* Base */ = {isa = PBXFileReference; lastKnownFileType = file.storyboard; name = Base; path = Base.lproj/Main.storyboard; sourceTree = "<group>"; };
		FA73E3EC1D80130700698BBA /* Assets.xcassets */ = {isa = PBXFileReference; lastKnownFileType = folder.assetcatalog; path = Assets.xcassets; sourceTree = "<group>"; };
		FA73E3EF1D80130700698BBA /* Base */ = {isa = PBXFileReference; lastKnownFileType = file.storyboard; name = Base; path = Base.lproj/LaunchScreen.storyboard; sourceTree = "<group>"; };
		FA73E3F61D80130700698BBA /* QQMusicTests.xctest */ = {isa = PBXFileReference; explicitFileType = wrapper.cfbundle; includeInIndex = 0; path = QQMusicTests.xctest; sourceTree = BUILT_PRODUCTS_DIR; };
		FA73E3FA1D80130700698BBA /* QQMusicTests.m */ = {isa = PBXFileReference; lastKnownFileType = sourcecode.c.objc; path = QQMusicTests.m; sourceTree = "<group>"; };
		FA73E3FC1D80130700698BBA /* Info.plist */ = {isa = PBXFileReference; lastKnownFileType = text.plist.xml; path = Info.plist; sourceTree = "<group>"; };
		FA73E4011D80130700698BBA /* QQMusicUITests.xctest */ = {isa = PBXFileReference; explicitFileType = wrapper.cfbundle; includeInIndex = 0; path = QQMusicUITests.xctest; sourceTree = BUILT_PRODUCTS_DIR; };
		FA73E4051D80130700698BBA /* QQMusicUITests.m */ = {isa = PBXFileReference; lastKnownFileType = sourcecode.c.objc; path = QQMusicUITests.m; sourceTree = "<group>"; };
		FA73E4071D80130800698BBA /* Info.plist */ = {isa = PBXFileReference; lastKnownFileType = text.plist.xml; path = Info.plist; sourceTree = "<group>"; };
		FAB47E5D1D803D03003B7ED1 /* AppDelegate.h */ = {isa = PBXFileReference; fileEncoding = 4; lastKnownFileType = sourcecode.c.h; path = AppDelegate.h; sourceTree = "<group>"; };
		FAB47E5E1D803D03003B7ED1 /* AppDelegate.m */ = {isa = PBXFileReference; fileEncoding = 4; lastKnownFileType = sourcecode.c.objc; path = AppDelegate.m; sourceTree = "<group>"; };
		FAB47E601D803D03003B7ED1 /* main.m */ = {isa = PBXFileReference; fileEncoding = 4; lastKnownFileType = sourcecode.c.objc; path = main.m; sourceTree = "<group>"; };
		FAB47E661D803D73003B7ED1 /* XWPlayingViewController.h */ = {isa = PBXFileReference; fileEncoding = 4; lastKnownFileType = sourcecode.c.h; path = XWPlayingViewController.h; sourceTree = "<group>"; };
		FAB47E671D803D73003B7ED1 /* XWPlayingViewController.m */ = {isa = PBXFileReference; fileEncoding = 4; lastKnownFileType = sourcecode.c.objc; path = XWPlayingViewController.m; sourceTree = "<group>"; };
		FAB47E691D803FFF003B7ED1 /* Info.plist */ = {isa = PBXFileReference; fileEncoding = 4; lastKnownFileType = text.plist.xml; path = Info.plist; sourceTree = "<group>"; };
		FAB47E6B1D804240003B7ED1 /* PrefixHeader.pch */ = {isa = PBXFileReference; lastKnownFileType = sourcecode.c.h; path = PrefixHeader.pch; sourceTree = "<group>"; };
		FAB47E6C1D810651003B7ED1 /* XWMusic.h */ = {isa = PBXFileReference; fileEncoding = 4; lastKnownFileType = sourcecode.c.h; path = XWMusic.h; sourceTree = "<group>"; };
		FAB47E6D1D810651003B7ED1 /* XWMusic.m */ = {isa = PBXFileReference; fileEncoding = 4; lastKnownFileType = sourcecode.c.objc; path = XWMusic.m; sourceTree = "<group>"; };
		FAB47E6F1D810666003B7ED1 /* XWMusicTool.h */ = {isa = PBXFileReference; fileEncoding = 4; lastKnownFileType = sourcecode.c.h; path = XWMusicTool.h; sourceTree = "<group>"; };
		FAB47E701D810666003B7ED1 /* XWMusicTool.m */ = {isa = PBXFileReference; fileEncoding = 4; lastKnownFileType = sourcecode.c.objc; path = XWMusicTool.m; sourceTree = "<group>"; };
		FAB47E721D810FA1003B7ED1 /* XMGAudioTool.h */ = {isa = PBXFileReference; fileEncoding = 4; lastKnownFileType = sourcecode.c.h; path = XMGAudioTool.h; sourceTree = "<group>"; };
		FAB47E731D810FA1003B7ED1 /* XMGAudioTool.m */ = {isa = PBXFileReference; fileEncoding = 4; lastKnownFileType = sourcecode.c.objc; path = XMGAudioTool.m; sourceTree = "<group>"; };
		FAB47E7A1D82651A003B7ED1 /* XWLrcView.h */ = {isa = PBXFileReference; fileEncoding = 4; lastKnownFileType = sourcecode.c.h; path = XWLrcView.h; sourceTree = "<group>"; };
		FAB47E7B1D82651A003B7ED1 /* XWLrcView.m */ = {isa = PBXFileReference; fileEncoding = 4; lastKnownFileType = sourcecode.c.objc; path = XWLrcView.m; sourceTree = "<group>"; };
		FAB47E7D1D829272003B7ED1 /* XWLrcCell.h */ = {isa = PBXFileReference; fileEncoding = 4; lastKnownFileType = sourcecode.c.h; path = XWLrcCell.h; sourceTree = "<group>"; };
		FAB47E7E1D829272003B7ED1 /* XWLrcCell.m */ = {isa = PBXFileReference; fileEncoding = 4; lastKnownFileType = sourcecode.c.objc; path = XWLrcCell.m; sourceTree = "<group>"; };
		FAB47E801D82A01C003B7ED1 /* XWLrcTool.h */ = {isa = PBXFileReference; fileEncoding = 4; lastKnownFileType = sourcecode.c.h; path = XWLrcTool.h; sourceTree = "<group>"; };
		FAB47E811D82A01C003B7ED1 /* XWLrcTool.m */ = {isa = PBXFileReference; fileEncoding = 4; lastKnownFileType = sourcecode.c.objc; path = XWLrcTool.m; sourceTree = "<group>"; };
		FAB47E831D82A2DD003B7ED1 /* XWLrcLine.h */ = {isa = PBXFileReference; fileEncoding = 4; lastKnownFileType = sourcecode.c.h; path = XWLrcLine.h; sourceTree = "<group>"; };
		FAB47E841D82A2DD003B7ED1 /* XWLrcLine.m */ = {isa = PBXFileReference; fileEncoding = 4; lastKnownFileType = sourcecode.c.objc; path = XWLrcLine.m; sourceTree = "<group>"; };
		FAB47E861D82D511003B7ED1 /* XWLrcLabel.h */ = {isa = PBXFileReference; fileEncoding = 4; lastKnownFileType = sourcecode.c.h; path = XWLrcLabel.h; sourceTree = "<group>"; };
		FAB47E871D82D511003B7ED1 /* XWLrcLabel.m */ = {isa = PBXFileReference; fileEncoding = 4; lastKnownFileType = sourcecode.c.objc; path = XWLrcLabel.m; sourceTree = "<group>"; };
		FAB95F991D82D8BF00212137 /* CALayer+PauseAimate.h */ = {isa = PBXFileReference; fileEncoding = 4; lastKnownFileType = sourcecode.c.h; path = "CALayer+PauseAimate.h"; sourceTree = "<group>"; };
		FAB95F9A1D82D8BF00212137 /* CALayer+PauseAimate.m */ = {isa = PBXFileReference; fileEncoding = 4; lastKnownFileType = sourcecode.c.objc; path = "CALayer+PauseAimate.m"; sourceTree = "<group>"; };
/* End PBXFileReference section */

/* Begin PBXFrameworksBuildPhase section */
		FA73E3DA1D80130600698BBA /* Frameworks */ = {
			isa = PBXFrameworksBuildPhase;
			buildActionMask = 2147483647;
			files = (
				C526D20686859119EC0CA3B7 /* libPods-QQMusic.a in Frameworks */,
			);
			runOnlyForDeploymentPostprocessing = 0;
		};
		FA73E3F31D80130700698BBA /* Frameworks */ = {
			isa = PBXFrameworksBuildPhase;
			buildActionMask = 2147483647;
			files = (
			);
			runOnlyForDeploymentPostprocessing = 0;
		};
		FA73E3FE1D80130700698BBA /* Frameworks */ = {
			isa = PBXFrameworksBuildPhase;
			buildActionMask = 2147483647;
			files = (
			);
			runOnlyForDeploymentPostprocessing = 0;
		};
/* End PBXFrameworksBuildPhase section */

/* Begin PBXGroup section */
		69199474BDD75674F44CC0A2 /* Frameworks */ = {
			isa = PBXGroup;
			children = (
				0F95CC73E99DCFB8D735E798 /* libPods-QQMusic.a */,
			);
			name = Frameworks;
			sourceTree = "<group>";
		};
		873A65AD92D7F1611E9CB66F /* Pods */ = {
			isa = PBXGroup;
			children = (
				F7E4A93EA5D052B369A58E64 /* Pods-QQMusic.debug.xcconfig */,
				9C3719A7177CB30D9D886F2F /* Pods-QQMusic.release.xcconfig */,
			);
			name = Pods;
			sourceTree = "<group>";
		};
		FA173EF01D863DE900790EEF /* Resources */ = {
			isa = PBXGroup;
			children = (
				FA173EF11D863DE900790EEF /* Images */,
				FA173F061D863DE900790EEF /* Lrcs */,
				FA173F111D863DE900790EEF /* MP3s */,
				FA173F1C1D863DE900790EEF /* Musics.plist */,
			);
			path = Resources;
			sourceTree = "<group>";
		};
		FA173EF11D863DE900790EEF /* Images */ = {
			isa = PBXGroup;
			children = (
				FA173EF21D863DE900790EEF /* bb@2x.jpg */,
				FA173EF31D863DE900790EEF /* bb_icon@2x.jpg */,
				FA173EF41D863DE900790EEF /* dzq@2x.jpg */,
				FA173EF51D863DE900790EEF /* dzq_icon@2x.jpg */,
				FA173EF61D863DE900790EEF /* eason@2x.jpg */,
				FA173EF71D863DE900790EEF /* eason_icon@2x.jpg */,
				FA173EF81D863DE900790EEF /* jay@2x.jpg */,
				FA173EF91D863DE900790EEF /* jay_icon@2x.png */,
				FA173EFA1D863DE900790EEF /* jj@2x.jpg */,
				FA173EFB1D863DE900790EEF /* jj_icon@2x.png */,
				FA173EFC1D863DE900790EEF /* kzxd@2x.jpg */,
				FA173EFD1D863DE900790EEF /* kzxd_icon@2x.jpg */,
				FA173EFE1D863DE900790EEF /* lkq@2x.jpg */,
				FA173EFF1D863DE900790EEF /* lkq_icon@2x.jpg */,
				FA173F001D863DE900790EEF /* nanquan@2x.jpg */,
				FA173F011D863DE900790EEF /* nanquan_icon@2x.jpg */,
				FA173F021D863DE900790EEF /* wf@2x.jpg */,
				FA173F031D863DE900790EEF /* wf_icon@2x.jpg */,
				FA173F041D863DE900790EEF /* zxy@2x.jpg */,
				FA173F051D863DE900790EEF /* zxy_icon@2x.jpg */,
			);
			path = Images;
			sourceTree = "<group>";
		};
		FA173F061D863DE900790EEF /* Lrcs */ = {
			isa = PBXGroup;
			children = (
				FA173F071D863DE900790EEF /* 10405520.lrc */,
				FA173F081D863DE900790EEF /* 10736444.lrc */,
				FA173F091D863DE900790EEF /* 120125029.lrc */,
				FA173F0A1D863DE900790EEF /* 12309111.lrc */,
				FA173F0B1D863DE900790EEF /* 14945107.lrc */,
				FA173F0C1D863DE900790EEF /* 235319.lrc */,
				FA173F0D1D863DE900790EEF /* 255319.lrc */,
				FA173F0E1D863DE900790EEF /* 309769.lrc */,
				FA173F0F1D863DE900790EEF /* 339744.lrc */,
				FA173F101D863DE900790EEF /* 月半小夜曲.lrc */,
			);
			path = Lrcs;
			sourceTree = "<group>";
		};
		FA173F111D863DE900790EEF /* MP3s */ = {
			isa = PBXGroup;
			children = (
				FA173F121D863DE900790EEF /* 10405520.mp3 */,
				FA173F131D863DE900790EEF /* 10736444.mp3 */,
				FA173F141D863DE900790EEF /* 1201111234.mp3 */,
				FA173F151D863DE900790EEF /* 120125029.mp3 */,
				FA173F161D863DE900790EEF /* 12309111.mp3 */,
				FA173F171D863DE900790EEF /* 14945107.mp3 */,
				FA173F181D863DE900790EEF /* 235319.mp3 */,
				FA173F191D863DE900790EEF /* 255319.mp3 */,
				FA173F1A1D863DE900790EEF /* 309769.mp3 */,
				FA173F1B1D863DE900790EEF /* 339744.mp3 */,
			);
			path = MP3s;
			sourceTree = "<group>";
		};
		FA73E3D41D80130600698BBA = {
			isa = PBXGroup;
			children = (
				FA73E3DF1D80130600698BBA /* QQMusic */,
				FA73E3F91D80130700698BBA /* QQMusicTests */,
				FA73E4041D80130700698BBA /* QQMusicUITests */,
				FA73E3DE1D80130600698BBA /* Products */,
				873A65AD92D7F1611E9CB66F /* Pods */,
				69199474BDD75674F44CC0A2 /* Frameworks */,
			);
			sourceTree = "<group>";
		};
		FA73E3DE1D80130600698BBA /* Products */ = {
			isa = PBXGroup;
			children = (
				FA73E3DD1D80130600698BBA /* QQMusic.app */,
				FA73E3F61D80130700698BBA /* QQMusicTests.xctest */,
				FA73E4011D80130700698BBA /* QQMusicUITests.xctest */,
			);
			name = Products;
			sourceTree = "<group>";
		};
		FA73E3DF1D80130600698BBA /* QQMusic */ = {
			isa = PBXGroup;
			children = (
				FAB47E591D803D03003B7ED1 /* Controller */,
				FAB47E5A1D803D03003B7ED1 /* Lib */,
				FAB95F981D82D8BF00212137 /* Category */,
				FAB47E5B1D803D03003B7ED1 /* Model */,
				FAB47E5C1D803D03003B7ED1 /* Other */,
				FAB47E611D803D03003B7ED1 /* Tool */,
				FAB47E621D803D03003B7ED1 /* View */,
				FA73E3E91D80130700698BBA /* Main.storyboard */,
				FA73E3EC1D80130700698BBA /* Assets.xcassets */,
				FAB47E691D803FFF003B7ED1 /* Info.plist */,
				FAB47E6B1D804240003B7ED1 /* PrefixHeader.pch */,
				FA73E3EE1D80130700698BBA /* LaunchScreen.storyboard */,
				FA73E3E01D80130700698BBA /* Supporting Files */,
			);
			path = QQMusic;
			sourceTree = "<group>";
		};
		FA73E3E01D80130700698BBA /* Supporting Files */ = {
			isa = PBXGroup;
			children = (
				FA173EF01D863DE900790EEF /* Resources */,
			);
			name = "Supporting Files";
			sourceTree = "<group>";
		};
		FA73E3F91D80130700698BBA /* QQMusicTests */ = {
			isa = PBXGroup;
			children = (
				FA73E3FA1D80130700698BBA /* QQMusicTests.m */,
				FA73E3FC1D80130700698BBA /* Info.plist */,
			);
			path = QQMusicTests;
			sourceTree = "<group>";
		};
		FA73E4041D80130700698BBA /* QQMusicUITests */ = {
			isa = PBXGroup;
			children = (
				FA73E4051D80130700698BBA /* QQMusicUITests.m */,
				FA73E4071D80130800698BBA /* Info.plist */,
			);
			path = QQMusicUITests;
			sourceTree = "<group>";
		};
		FAB47E591D803D03003B7ED1 /* Controller */ = {
			isa = PBXGroup;
			children = (
				FAB47E661D803D73003B7ED1 /* XWPlayingViewController.h */,
				FAB47E671D803D73003B7ED1 /* XWPlayingViewController.m */,
			);
			path = Controller;
			sourceTree = "<group>";
		};
		FAB47E5A1D803D03003B7ED1 /* Lib */ = {
			isa = PBXGroup;
			children = (
			);
			path = Lib;
			sourceTree = "<group>";
		};
		FAB47E5B1D803D03003B7ED1 /* Model */ = {
			isa = PBXGroup;
			children = (
				FAB47E6C1D810651003B7ED1 /* XWMusic.h */,
				FAB47E6D1D810651003B7ED1 /* XWMusic.m */,
				FAB47E831D82A2DD003B7ED1 /* XWLrcLine.h */,
				FAB47E841D82A2DD003B7ED1 /* XWLrcLine.m */,
			);
			path = Model;
			sourceTree = "<group>";
		};
		FAB47E5C1D803D03003B7ED1 /* Other */ = {
			isa = PBXGroup;
			children = (
				FAB47E5D1D803D03003B7ED1 /* AppDelegate.h */,
				FAB47E5E1D803D03003B7ED1 /* AppDelegate.m */,
				FAB47E601D803D03003B7ED1 /* main.m */,
			);
			path = Other;
			sourceTree = "<group>";
		};
		FAB47E611D803D03003B7ED1 /* Tool */ = {
			isa = PBXGroup;
			children = (
				FAB47E6F1D810666003B7ED1 /* XWMusicTool.h */,
				FAB47E701D810666003B7ED1 /* XWMusicTool.m */,
				FAB47E721D810FA1003B7ED1 /* XMGAudioTool.h */,
				FAB47E731D810FA1003B7ED1 /* XMGAudioTool.m */,
				FAB47E801D82A01C003B7ED1 /* XWLrcTool.h */,
				FAB47E811D82A01C003B7ED1 /* XWLrcTool.m */,
			);
			path = Tool;
			sourceTree = "<group>";
		};
		FAB47E621D803D03003B7ED1 /* View */ = {
			isa = PBXGroup;
			children = (
				FAB47E7A1D82651A003B7ED1 /* XWLrcView.h */,
				FAB47E7B1D82651A003B7ED1 /* XWLrcView.m */,
				FAB47E7D1D829272003B7ED1 /* XWLrcCell.h */,
				FAB47E7E1D829272003B7ED1 /* XWLrcCell.m */,
				FAB47E861D82D511003B7ED1 /* XWLrcLabel.h */,
				FAB47E871D82D511003B7ED1 /* XWLrcLabel.m */,
			);
			path = View;
			sourceTree = "<group>";
		};
		FAB95F981D82D8BF00212137 /* Category */ = {
			isa = PBXGroup;
			children = (
				FAB95F991D82D8BF00212137 /* CALayer+PauseAimate.h */,
				FAB95F9A1D82D8BF00212137 /* CALayer+PauseAimate.m */,
			);
			path = Category;
			sourceTree = "<group>";
		};
/* End PBXGroup section */

/* Begin PBXNativeTarget section */
		FA73E3DC1D80130600698BBA /* QQMusic */ = {
			isa = PBXNativeTarget;
			buildConfigurationList = FA73E40A1D80130800698BBA /* Build configuration list for PBXNativeTarget "QQMusic" */;
			buildPhases = (
				4BB182334069BA4C1FCD3AB6 /* Check Pods Manifest.lock */,
				FA73E3D91D80130600698BBA /* Sources */,
				FA73E3DA1D80130600698BBA /* Frameworks */,
				FA73E3DB1D80130600698BBA /* Resources */,
				9C96A2FADDCF49840C2D88D4 /* Embed Pods Frameworks */,
				156C122D834F2B56F83FF2E7 /* Copy Pods Resources */,
			);
			buildRules = (
			);
			dependencies = (
			);
			name = QQMusic;
			productName = QQMusic;
			productReference = FA73E3DD1D80130600698BBA /* QQMusic.app */;
			productType = "com.apple.product-type.application";
		};
		FA73E3F51D80130700698BBA /* QQMusicTests */ = {
			isa = PBXNativeTarget;
			buildConfigurationList = FA73E40D1D80130800698BBA /* Build configuration list for PBXNativeTarget "QQMusicTests" */;
			buildPhases = (
				FA73E3F21D80130700698BBA /* Sources */,
				FA73E3F31D80130700698BBA /* Frameworks */,
				FA73E3F41D80130700698BBA /* Resources */,
			);
			buildRules = (
			);
			dependencies = (
				FA73E3F81D80130700698BBA /* PBXTargetDependency */,
			);
			name = QQMusicTests;
			productName = QQMusicTests;
			productReference = FA73E3F61D80130700698BBA /* QQMusicTests.xctest */;
			productType = "com.apple.product-type.bundle.unit-test";
		};
		FA73E4001D80130700698BBA /* QQMusicUITests */ = {
			isa = PBXNativeTarget;
			buildConfigurationList = FA73E4101D80130800698BBA /* Build configuration list for PBXNativeTarget "QQMusicUITests" */;
			buildPhases = (
				FA73E3FD1D80130700698BBA /* Sources */,
				FA73E3FE1D80130700698BBA /* Frameworks */,
				FA73E3FF1D80130700698BBA /* Resources */,
			);
			buildRules = (
			);
			dependencies = (
				FA73E4031D80130700698BBA /* PBXTargetDependency */,
			);
			name = QQMusicUITests;
			productName = QQMusicUITests;
			productReference = FA73E4011D80130700698BBA /* QQMusicUITests.xctest */;
			productType = "com.apple.product-type.bundle.ui-testing";
		};
/* End PBXNativeTarget section */

/* Begin PBXProject section */
		FA73E3D51D80130600698BBA /* Project object */ = {
			isa = PBXProject;
			attributes = {
				LastUpgradeCheck = 0720;
				ORGANIZATIONNAME = fangjs;
				TargetAttributes = {
					FA73E3DC1D80130600698BBA = {
						CreatedOnToolsVersion = 7.2.1;
						DevelopmentTeam = G9XFTV684E;
						ProvisioningStyle = Manual;
						SystemCapabilities = {
							com.apple.BackgroundModes = {
								enabled = 1;
							};
						};
					};
					FA73E3F51D80130700698BBA = {
						CreatedOnToolsVersion = 7.2.1;
						TestTargetID = FA73E3DC1D80130600698BBA;
					};
					FA73E4001D80130700698BBA = {
						CreatedOnToolsVersion = 7.2.1;
						TestTargetID = FA73E3DC1D80130600698BBA;
					};
				};
			};
			buildConfigurationList = FA73E3D81D80130600698BBA /* Build configuration list for PBXProject "QQMusic" */;
			compatibilityVersion = "Xcode 3.2";
			developmentRegion = English;
			hasScannedForEncodings = 0;
			knownRegions = (
				en,
				Base,
			);
			mainGroup = FA73E3D41D80130600698BBA;
			productRefGroup = FA73E3DE1D80130600698BBA /* Products */;
			projectDirPath = "";
			projectRoot = "";
			targets = (
				FA73E3DC1D80130600698BBA /* QQMusic */,
				FA73E3F51D80130700698BBA /* QQMusicTests */,
				FA73E4001D80130700698BBA /* QQMusicUITests */,
			);
		};
/* End PBXProject section */

/* Begin PBXResourcesBuildPhase section */
		FA73E3DB1D80130600698BBA /* Resources */ = {
			isa = PBXResourcesBuildPhase;
			buildActionMask = 2147483647;
			files = (
				FA173F321D863DE900790EEF /* 10736444.lrc in Resources */,
				FA173F341D863DE900790EEF /* 12309111.lrc in Resources */,
				FA173F371D863DE900790EEF /* 255319.lrc in Resources */,
				FA173F3E1D863DE900790EEF /* 120125029.mp3 in Resources */,
				FA73E3F01D80130700698BBA /* LaunchScreen.storyboard in Resources */,
				FA173F1E1D863DE900790EEF /* bb_icon@2x.jpg in Resources */,
				FA173F2E1D863DE900790EEF /* wf_icon@2x.jpg in Resources */,
				FA173F2C1D863DE900790EEF /* nanquan_icon@2x.jpg in Resources */,
				FA173F3C1D863DE900790EEF /* 10736444.mp3 in Resources */,
				FA173F421D863DE900790EEF /* 255319.mp3 in Resources */,
				FA173F281D863DE900790EEF /* kzxd_icon@2x.jpg in Resources */,
				FA173F411D863DE900790EEF /* 235319.mp3 in Resources */,
				FA173F271D863DE900790EEF /* kzxd@2x.jpg in Resources */,
				FA173F2D1D863DE900790EEF /* wf@2x.jpg in Resources */,
				FA173F221D863DE900790EEF /* eason_icon@2x.jpg in Resources */,
				FA173F391D863DE900790EEF /* 339744.lrc in Resources */,
				FA173F311D863DE900790EEF /* 10405520.lrc in Resources */,
				FA73E3ED1D80130700698BBA /* Assets.xcassets in Resources */,
				FA173F3F1D863DE900790EEF /* 12309111.mp3 in Resources */,
				FA173F2B1D863DE900790EEF /* nanquan@2x.jpg in Resources */,
				FA173F211D863DE900790EEF /* eason@2x.jpg in Resources */,
				FA173F301D863DE900790EEF /* zxy_icon@2x.jpg in Resources */,
				FAB47E6A1D803FFF003B7ED1 /* Info.plist in Resources */,
				FA173F3D1D863DE900790EEF /* 1201111234.mp3 in Resources */,
				FA73E3EB1D80130700698BBA /* Main.storyboard in Resources */,
				FA173F451D863DE900790EEF /* Musics.plist in Resources */,
				FA173F261D863DE900790EEF /* jj_icon@2x.png in Resources */,
				FA173F361D863DE900790EEF /* 235319.lrc in Resources */,
				FA173F1D1D863DE900790EEF /* bb@2x.jpg in Resources */,
				FA173F331D863DE900790EEF /* 120125029.lrc in Resources */,
				FA173F241D863DE900790EEF /* jay_icon@2x.png in Resources */,
				FA173F441D863DE900790EEF /* 339744.mp3 in Resources */,
				FA173F251D863DE900790EEF /* jj@2x.jpg in Resources */,
				FA173F291D863DE900790EEF /* lkq@2x.jpg in Resources */,
				FA173F2A1D863DE900790EEF /* lkq_icon@2x.jpg in Resources */,
				FA173F3B1D863DE900790EEF /* 10405520.mp3 in Resources */,
				FA173F351D863DE900790EEF /* 14945107.lrc in Resources */,
				FA173F401D863DE900790EEF /* 14945107.mp3 in Resources */,
				FA173F381D863DE900790EEF /* 309769.lrc in Resources */,
				FA173F231D863DE900790EEF /* jay@2x.jpg in Resources */,
				FA173F431D863DE900790EEF /* 309769.mp3 in Resources */,
				FA173F2F1D863DE900790EEF /* zxy@2x.jpg in Resources */,
				FA173F3A1D863DE900790EEF /* 月半小夜曲.lrc in Resources */,
				FA173F1F1D863DE900790EEF /* dzq@2x.jpg in Resources */,
				FA173F201D863DE900790EEF /* dzq_icon@2x.jpg in Resources */,
			);
			runOnlyForDeploymentPostprocessing = 0;
		};
		FA73E3F41D80130700698BBA /* Resources */ = {
			isa = PBXResourcesBuildPhase;
			buildActionMask = 2147483647;
			files = (
			);
			runOnlyForDeploymentPostprocessing = 0;
		};
		FA73E3FF1D80130700698BBA /* Resources */ = {
			isa = PBXResourcesBuildPhase;
			buildActionMask = 2147483647;
			files = (
			);
			runOnlyForDeploymentPostprocessing = 0;
		};
/* End PBXResourcesBuildPhase section */

/* Begin PBXShellScriptBuildPhase section */
		156C122D834F2B56F83FF2E7 /* Copy Pods Resources */ = {
			isa = PBXShellScriptBuildPhase;
			buildActionMask = 2147483647;
			files = (
			);
			inputPaths = (
			);
			name = "Copy Pods Resources";
			outputPaths = (
			);
			runOnlyForDeploymentPostprocessing = 0;
			shellPath = /bin/sh;
			shellScript = "\"${SRCROOT}/Pods/Target Support Files/Pods-QQMusic/Pods-QQMusic-resources.sh\"\n";
			showEnvVarsInLog = 0;
		};
		4BB182334069BA4C1FCD3AB6 /* Check Pods Manifest.lock */ = {
			isa = PBXShellScriptBuildPhase;
			buildActionMask = 2147483647;
			files = (
			);
			inputPaths = (
			);
			name = "Check Pods Manifest.lock";
			outputPaths = (
			);
			runOnlyForDeploymentPostprocessing = 0;
			shellPath = /bin/sh;
			shellScript = "diff \"${PODS_ROOT}/../Podfile.lock\" \"${PODS_ROOT}/Manifest.lock\" > /dev/null\nif [[ $? != 0 ]] ; then\n    cat << EOM\nerror: The sandbox is not in sync with the Podfile.lock. Run 'pod install' or update your CocoaPods installation.\nEOM\n    exit 1\nfi\n";
			showEnvVarsInLog = 0;
		};
		9C96A2FADDCF49840C2D88D4 /* Embed Pods Frameworks */ = {
			isa = PBXShellScriptBuildPhase;
			buildActionMask = 2147483647;
			files = (
			);
			inputPaths = (
			);
			name = "Embed Pods Frameworks";
			outputPaths = (
			);
			runOnlyForDeploymentPostprocessing = 0;
			shellPath = /bin/sh;
			shellScript = "\"${SRCROOT}/Pods/Target Support Files/Pods-QQMusic/Pods-QQMusic-frameworks.sh\"\n";
			showEnvVarsInLog = 0;
		};
/* End PBXShellScriptBuildPhase section */

/* Begin PBXSourcesBuildPhase section */
		FA73E3D91D80130600698BBA /* Sources */ = {
			isa = PBXSourcesBuildPhase;
			buildActionMask = 2147483647;
			files = (
				FAB47E6E1D810651003B7ED1 /* XWMusic.m in Sources */,
				FAB47E851D82A2DD003B7ED1 /* XWLrcLine.m in Sources */,
				FAB47E741D810FA1003B7ED1 /* XMGAudioTool.m in Sources */,
				FAB47E7F1D829272003B7ED1 /* XWLrcCell.m in Sources */,
				FAB47E7C1D82651A003B7ED1 /* XWLrcView.m in Sources */,
				FAB47E651D803D03003B7ED1 /* main.m in Sources */,
				FAB47E821D82A01C003B7ED1 /* XWLrcTool.m in Sources */,
				FAB95F9B1D82D8BF00212137 /* CALayer+PauseAimate.m in Sources */,
				FAB47E631D803D03003B7ED1 /* AppDelegate.m in Sources */,
				FAB47E681D803D73003B7ED1 /* XWPlayingViewController.m in Sources */,
				FAB47E711D810666003B7ED1 /* XWMusicTool.m in Sources */,
				FAB47E881D82D511003B7ED1 /* XWLrcLabel.m in Sources */,
			);
			runOnlyForDeploymentPostprocessing = 0;
		};
		FA73E3F21D80130700698BBA /* Sources */ = {
			isa = PBXSourcesBuildPhase;
			buildActionMask = 2147483647;
			files = (
				FA73E3FB1D80130700698BBA /* QQMusicTests.m in Sources */,
			);
			runOnlyForDeploymentPostprocessing = 0;
		};
		FA73E3FD1D80130700698BBA /* Sources */ = {
			isa = PBXSourcesBuildPhase;
			buildActionMask = 2147483647;
			files = (
				FA73E4061D80130700698BBA /* QQMusicUITests.m in Sources */,
			);
			runOnlyForDeploymentPostprocessing = 0;
		};
/* End PBXSourcesBuildPhase section */

/* Begin PBXTargetDependency section */
		FA73E3F81D80130700698BBA /* PBXTargetDependency */ = {
			isa = PBXTargetDependency;
			target = FA73E3DC1D80130600698BBA /* QQMusic */;
			targetProxy = FA73E3F71D80130700698BBA /* PBXContainerItemProxy */;
		};
		FA73E4031D80130700698BBA /* PBXTargetDependency */ = {
			isa = PBXTargetDependency;
			target = FA73E3DC1D80130600698BBA /* QQMusic */;
			targetProxy = FA73E4021D80130700698BBA /* PBXContainerItemProxy */;
		};
/* End PBXTargetDependency section */

/* Begin PBXVariantGroup section */
		FA73E3E91D80130700698BBA /* Main.storyboard */ = {
			isa = PBXVariantGroup;
			children = (
				FA73E3EA1D80130700698BBA /* Base */,
			);
			name = Main.storyboard;
			sourceTree = "<group>";
		};
		FA73E3EE1D80130700698BBA /* LaunchScreen.storyboard */ = {
			isa = PBXVariantGroup;
			children = (
				FA73E3EF1D80130700698BBA /* Base */,
			);
			name = LaunchScreen.storyboard;
			sourceTree = "<group>";
		};
/* End PBXVariantGroup section */

/* Begin XCBuildConfiguration section */
		FA73E4081D80130800698BBA /* Debug */ = {
			isa = XCBuildConfiguration;
			buildSettings = {
				ALWAYS_SEARCH_USER_PATHS = NO;
				CLANG_CXX_LANGUAGE_STANDARD = "gnu++0x";
				CLANG_CXX_LIBRARY = "libc++";
				CLANG_ENABLE_MODULES = YES;
				CLANG_ENABLE_OBJC_ARC = YES;
				CLANG_WARN_BOOL_CONVERSION = YES;
				CLANG_WARN_CONSTANT_CONVERSION = YES;
				CLANG_WARN_DIRECT_OBJC_ISA_USAGE = YES_ERROR;
				CLANG_WARN_EMPTY_BODY = YES;
				CLANG_WARN_ENUM_CONVERSION = YES;
				CLANG_WARN_INT_CONVERSION = YES;
				CLANG_WARN_OBJC_ROOT_CLASS = YES_ERROR;
				CLANG_WARN_UNREACHABLE_CODE = YES;
				CLANG_WARN__DUPLICATE_METHOD_MATCH = YES;
				CODE_SIGN_IDENTITY = "iPhone Developer";
				"CODE_SIGN_IDENTITY[sdk=iphoneos*]" = "iPhone Developer";
				COPY_PHASE_STRIP = NO;
				DEBUG_INFORMATION_FORMAT = dwarf;
				ENABLE_STRICT_OBJC_MSGSEND = YES;
				ENABLE_TESTABILITY = YES;
				GCC_C_LANGUAGE_STANDARD = gnu99;
				GCC_DYNAMIC_NO_PIC = NO;
				GCC_NO_COMMON_BLOCKS = YES;
				GCC_OPTIMIZATION_LEVEL = 0;
				GCC_PREPROCESSOR_DEFINITIONS = (
					"DEBUG=1",
					"$(inherited)",
				);
				GCC_WARN_64_TO_32_BIT_CONVERSION = YES;
				GCC_WARN_ABOUT_RETURN_TYPE = YES_ERROR;
				GCC_WARN_UNDECLARED_SELECTOR = YES;
				GCC_WARN_UNINITIALIZED_AUTOS = YES_AGGRESSIVE;
				GCC_WARN_UNUSED_FUNCTION = YES;
				GCC_WARN_UNUSED_VARIABLE = YES;
				IPHONEOS_DEPLOYMENT_TARGET = 9.2;
				MTL_ENABLE_DEBUG_INFO = YES;
				ONLY_ACTIVE_ARCH = YES;
				SDKROOT = iphoneos;
			};
			name = Debug;
		};
		FA73E4091D80130800698BBA /* Release */ = {
			isa = XCBuildConfiguration;
			buildSettings = {
				ALWAYS_SEARCH_USER_PATHS = NO;
				CLANG_CXX_LANGUAGE_STANDARD = "gnu++0x";
				CLANG_CXX_LIBRARY = "libc++";
				CLANG_ENABLE_MODULES = YES;
				CLANG_ENABLE_OBJC_ARC = YES;
				CLANG_WARN_BOOL_CONVERSION = YES;
				CLANG_WARN_CONSTANT_CONVERSION = YES;
				CLANG_WARN_DIRECT_OBJC_ISA_USAGE = YES_ERROR;
				CLANG_WARN_EMPTY_BODY = YES;
				CLANG_WARN_ENUM_CONVERSION = YES;
				CLANG_WARN_INT_CONVERSION = YES;
				CLANG_WARN_OBJC_ROOT_CLASS = YES_ERROR;
				CLANG_WARN_UNREACHABLE_CODE = YES;
				CLANG_WARN__DUPLICATE_METHOD_MATCH = YES;
				CODE_SIGN_IDENTITY = "iPhone Developer";
				"CODE_SIGN_IDENTITY[sdk=iphoneos*]" = "iPhone Developer";
				COPY_PHASE_STRIP = NO;
				DEBUG_INFORMATION_FORMAT = "dwarf-with-dsym";
				ENABLE_NS_ASSERTIONS = NO;
				ENABLE_STRICT_OBJC_MSGSEND = YES;
				GCC_C_LANGUAGE_STANDARD = gnu99;
				GCC_NO_COMMON_BLOCKS = YES;
				GCC_WARN_64_TO_32_BIT_CONVERSION = YES;
				GCC_WARN_ABOUT_RETURN_TYPE = YES_ERROR;
				GCC_WARN_UNDECLARED_SELECTOR = YES;
				GCC_WARN_UNINITIALIZED_AUTOS = YES_AGGRESSIVE;
				GCC_WARN_UNUSED_FUNCTION = YES;
				GCC_WARN_UNUSED_VARIABLE = YES;
				IPHONEOS_DEPLOYMENT_TARGET = 9.2;
				MTL_ENABLE_DEBUG_INFO = NO;
				SDKROOT = iphoneos;
				VALIDATE_PRODUCT = YES;
			};
			name = Release;
		};
		FA73E40B1D80130800698BBA /* Debug */ = {
			isa = XCBuildConfiguration;
			baseConfigurationReference = F7E4A93EA5D052B369A58E64 /* Pods-QQMusic.debug.xcconfig */;
			buildSettings = {
				ASSETCATALOG_COMPILER_APPICON_NAME = AppIcon;
				ASSETCATALOG_COMPILER_LAUNCHIMAGE_NAME = LaunchImage;
				CODE_SIGN_IDENTITY = "iPhone Developer";
				"CODE_SIGN_IDENTITY[sdk=iphoneos*]" = "iPhone Developer";
				DEVELOPMENT_TEAM = G9XFTV684E;
				GCC_PREFIX_HEADER = "$(SRCROOT)/QQMusic/PrefixHeader.pch";
				INFOPLIST_FILE = QQMusic/Info.plist;
				IPHONEOS_DEPLOYMENT_TARGET = 8.2;
				LD_RUNPATH_SEARCH_PATHS = "$(inherited) @executable_path/Frameworks";
				PRODUCT_BUNDLE_IDENTIFIER = com.yiju.fangjs.QQMusic;
				PRODUCT_NAME = "$(TARGET_NAME)";
				PROVISIONING_PROFILE = "0baa67cc-78f6-466f-bfba-3f1b1368e6d6";
				PROVISIONING_PROFILE_SPECIFIER = Development;
			};
			name = Debug;
		};
		FA73E40C1D80130800698BBA /* Release */ = {
			isa = XCBuildConfiguration;
			baseConfigurationReference = 9C3719A7177CB30D9D886F2F /* Pods-QQMusic.release.xcconfig */;
			buildSettings = {
				ASSETCATALOG_COMPILER_APPICON_NAME = AppIcon;
				ASSETCATALOG_COMPILER_LAUNCHIMAGE_NAME = LaunchImage;
				CODE_SIGN_IDENTITY = "iPhone Developer";
				"CODE_SIGN_IDENTITY[sdk=iphoneos*]" = "iPhone Developer";
				DEVELOPMENT_TEAM = "";
				GCC_PREFIX_HEADER = "$(SRCROOT)/QQMusic/PrefixHeader.pch";
				INFOPLIST_FILE = QQMusic/Info.plist;
				IPHONEOS_DEPLOYMENT_TARGET = 8.2;
				LD_RUNPATH_SEARCH_PATHS = "$(inherited) @executable_path/Frameworks";
				PRODUCT_BUNDLE_IDENTIFIER = com.yiju.fangjs.QQMusic;
				PRODUCT_NAME = "$(TARGET_NAME)";
			};
			name = Release;
		};
		FA73E40E1D80130800698BBA /* Debug */ = {
			isa = XCBuildConfiguration;
			buildSettings = {
				BUNDLE_LOADER = "$(TEST_HOST)";
				INFOPLIST_FILE = QQMusicTests/Info.plist;
				LD_RUNPATH_SEARCH_PATHS = "$(inherited) @executable_path/Frameworks @loader_path/Frameworks";
				PRODUCT_BUNDLE_IDENTIFIER = com.yiju.fangjs.QQMusicTests;
				PRODUCT_NAME = "$(TARGET_NAME)";
				TEST_HOST = "$(BUILT_PRODUCTS_DIR)/QQMusic.app/QQMusic";
			};
			name = Debug;
		};
		FA73E40F1D80130800698BBA /* Release */ = {
			isa = XCBuildConfiguration;
			buildSettings = {
				BUNDLE_LOADER = "$(TEST_HOST)";
				INFOPLIST_FILE = QQMusicTests/Info.plist;
				LD_RUNPATH_SEARCH_PATHS = "$(inherited) @executable_path/Frameworks @loader_path/Frameworks";
				PRODUCT_BUNDLE_IDENTIFIER = com.yiju.fangjs.QQMusicTests;
				PRODUCT_NAME = "$(TARGET_NAME)";
				TEST_HOST = "$(BUILT_PRODUCTS_DIR)/QQMusic.app/QQMusic";
			};
			name = Release;
		};
		FA73E4111D80130800698BBA /* Debug */ = {
			isa = XCBuildConfiguration;
			buildSettings = {
				INFOPLIST_FILE = QQMusicUITests/Info.plist;
				LD_RUNPATH_SEARCH_PATHS = "$(inherited) @executable_path/Frameworks @loader_path/Frameworks";
				PRODUCT_BUNDLE_IDENTIFIER = com.yiju.fangjs.QQMusicUITests;
				PRODUCT_NAME = "$(TARGET_NAME)";
				TEST_TARGET_NAME = QQMusic;
				USES_XCTRUNNER = YES;
			};
			name = Debug;
		};
		FA73E4121D80130800698BBA /* Release */ = {
			isa = XCBuildConfiguration;
			buildSettings = {
				INFOPLIST_FILE = QQMusicUITests/Info.plist;
				LD_RUNPATH_SEARCH_PATHS = "$(inherited) @executable_path/Frameworks @loader_path/Frameworks";
				PRODUCT_BUNDLE_IDENTIFIER = com.yiju.fangjs.QQMusicUITests;
				PRODUCT_NAME = "$(TARGET_NAME)";
				TEST_TARGET_NAME = QQMusic;
				USES_XCTRUNNER = YES;
			};
			name = Release;
		};
/* End XCBuildConfiguration section */

/* Begin XCConfigurationList section */
		FA73E3D81D80130600698BBA /* Build configuration list for PBXProject "QQMusic" */ = {
			isa = XCConfigurationList;
			buildConfigurations = (
				FA73E4081D80130800698BBA /* Debug */,
				FA73E4091D80130800698BBA /* Release */,
			);
			defaultConfigurationIsVisible = 0;
			defaultConfigurationName = Release;
		};
		FA73E40A1D80130800698BBA /* Build configuration list for PBXNativeTarget "QQMusic" */ = {
			isa = XCConfigurationList;
			buildConfigurations = (
				FA73E40B1D80130800698BBA /* Debug */,
				FA73E40C1D80130800698BBA /* Release */,
			);
			defaultConfigurationIsVisible = 0;
			defaultConfigurationName = Release;
		};
		FA73E40D1D80130800698BBA /* Build configuration list for PBXNativeTarget "QQMusicTests" */ = {
			isa = XCConfigurationList;
			buildConfigurations = (
				FA73E40E1D80130800698BBA /* Debug */,
				FA73E40F1D80130800698BBA /* Release */,
			);
			defaultConfigurationIsVisible = 0;
			defaultConfigurationName = Release;
		};
		FA73E4101D80130800698BBA /* Build configuration list for PBXNativeTarget "QQMusicUITests" */ = {
			isa = XCConfigurationList;
			buildConfigurations = (
				FA73E4111D80130800698BBA /* Debug */,
				FA73E4121D80130800698BBA /* Release */,
			);
			defaultConfigurationIsVisible = 0;
			defaultConfigurationName = Release;
		};
/* End XCConfigurationList section */
	};
	rootObject = FA73E3D51D80130600698BBA /* Project object */;
}
